
Microsoft Visual Studio Solution File, Format Version 12.00
# Visual Studio Version 17
VisualStudioVersion = 17.0.31912.275
MinimumVisualStudioVersion = 10.0.40219.1
Project("{2150E333-8FDC-42A3-9474-1A3956D46DE8}") = "src", "src", "{9FECF903-0F85-44C0-839C-6195945E6097}"
EndProject
Project("{2150E333-8FDC-42A3-9474-1A3956D46DE8}") = "Shared", "Shared", "{CE930CB2-AE3A-46DF-A17A-9198A15F0442}"
EndProject
Project("{2150E333-8FDC-42A3-9474-1A3956D46DE8}") = "API", "API", "{E6FB813A-12DC-4952-A0D1-763E1580D626}"
EndProject
Project("{2150E333-8FDC-42A3-9474-1A3956D46DE8}") = "Core", "Core", "{E56FBCE5-B7B6-4AB8-AFFD-399D93AD1F45}"
EndProject
Project("{2150E333-8FDC-42A3-9474-1A3956D46DE8}") = "Infrastructure", "Infrastructure", "{A1523377-D22D-4330-8B33-B499C49204FA}"
EndProject
Project("{9A19103F-16F7-4668-BE54-9A1E7A4F7556}") = "ThreatMap.API", "ThreatMap.API\ThreatMap.API.csproj", "{99B8D591-8407-450A-B3CE-76E3862FF64F}"
EndProject
Project("{9A19103F-16F7-4668-BE54-9A1E7A4F7556}") = "ThreatMap.Domain", "ThreatMap.Domain\ThreatMap.Domain.csproj", "{1D98F193-83E1-41D4-8B39-649539513C3D}"
EndProject
Project("{9A19103F-16F7-4668-BE54-9A1E7A4F7556}") = "ThreatMap.Application.Admin", "ThreatMap.Application.Admin\ThreatMap.Application.Admin.csproj", "{FF79CFF3-569D-44D1-8151-87FFBA5D0A42}"
EndProject
Project("{9A19103F-16F7-4668-BE54-9A1E7A4F7556}") = "ThreatMap.Application.Public", "ThreatMap.Application.Public\ThreatMap.Application.Public.csproj", "{4B7B7C64-A502-4D44-BABB-BF762CC9D8A9}"
EndProject
Project("{9A19103F-16F7-4668-BE54-9A1E7A4F7556}") = "ThreatMap.Infrastructure", "ThreatMap.Infrastructure\ThreatMap.Infrastructure.csproj", "{8667444D-97D2-43A3-B9D2-2E6B31494E84}"
EndProject
Project("{9A19103F-16F7-4668-BE54-9A1E7A4F7556}") = "ThreatMap.Persistence", "ThreatMap.Persistence\ThreatMap.Persistence.csproj", "{B1224451-4EA3-4981-BE4A-928D5FB711A0}"
EndProject
Project("{9A19103F-16F7-4668-BE54-9A1E7A4F7556}") = "ThreatMap.Application.User", "ThreatMap.Application.User\ThreatMap.Application.User.csproj", "{842EBCD8-689B-49F9-A58B-37613A1AF886}"
EndProject
Project("{9A19103F-16F7-4668-BE54-9A1E7A4F7556}") = "ThreatMap.Shared", "ThreatMap.Shared\ThreatMap.Shared.csproj", "{0FFB962B-26A5-4D7A-9CF5-34B0234CFB2E}"
EndProject
Project("{9A19103F-16F7-4668-BE54-9A1E7A4F7556}") = "ThreatMap.Shared.Abstractions", "ThreatMap.Shared.Abstractions\ThreatMap.Shared.Abstractions.csproj", "{0A4FA4B5-75E8-4927-85DB-9EF55C569576}"
EndProject
Project("{9A19103F-16F7-4668-BE54-9A1E7A4F7556}") = "ThreatMap.Application.Shared", "ThreatMap.Application.Shared\ThreatMap.Application.Shared.csproj", "{14A3AA47-61D9-4DA9-9D62-315960003740}"
EndProject
Project("{9A19103F-16F7-4668-BE54-9A1E7A4F7556}") = "ThreatMap.Infrastructure.Public", "ThreatMap.Infrastructure.Public\ThreatMap.Infrastructure.Public.csproj", "{EAB81CA4-C384-47FD-89B2-BC0B0847F33D}"
EndProject
Project("{9A19103F-16F7-4668-BE54-9A1E7A4F7556}") = "ThreatMap.Infrastructure.User", "ThreatMap.Infrastructure.User\ThreatMap.Infrastructure.User.csproj", "{A706B9FE-8556-40AD-89B4-03BD963D152E}"
EndProject
Project("{2150E333-8FDC-42A3-9474-1A3956D46DE8}") = "UI", "UI", "{BC5A9F17-F6DE-4AA4-952C-35DB2E846253}"
EndProject
Project("{9A19103F-16F7-4668-BE54-9A1E7A4F7556}") = "ThreatMap.Admin", "ThreatMap.Admin\ThreatMap.Admin.csproj", "{BF4B7061-BE9B-425A-9F2E-2A0ACC8B5119}"
EndProject
Project("{FAE04EC0-301F-11D3-BF4B-00C04F79EFBC}") = "ThreatMap.AirlyAPI", "ThreatMap.AirlyAPI\ThreatMap.AirlyAPI.csproj", "{335B1CEB-7515-42D2-9039-2CACE42A80ED}"
EndProject
Global
	GlobalSection(SolutionConfigurationPlatforms) = preSolution
		Debug|Any CPU = Debug|Any CPU
		Release|Any CPU = Release|Any CPU
	EndGlobalSection
	GlobalSection(ProjectConfigurationPlatforms) = postSolution
		{99B8D591-8407-450A-B3CE-76E3862FF64F}.Debug|Any CPU.ActiveCfg = Debug|Any CPU
		{99B8D591-8407-450A-B3CE-76E3862FF64F}.Debug|Any CPU.Build.0 = Debug|Any CPU
		{99B8D591-8407-450A-B3CE-76E3862FF64F}.Release|Any CPU.ActiveCfg = Release|Any CPU
		{99B8D591-8407-450A-B3CE-76E3862FF64F}.Release|Any CPU.Build.0 = Release|Any CPU
		{1D98F193-83E1-41D4-8B39-649539513C3D}.Debug|Any CPU.ActiveCfg = Debug|Any CPU
		{1D98F193-83E1-41D4-8B39-649539513C3D}.Debug|Any CPU.Build.0 = Debug|Any CPU
		{1D98F193-83E1-41D4-8B39-649539513C3D}.Release|Any CPU.ActiveCfg = Release|Any CPU
		{1D98F193-83E1-41D4-8B39-649539513C3D}.Release|Any CPU.Build.0 = Release|Any CPU
		{FF79CFF3-569D-44D1-8151-87FFBA5D0A42}.Debug|Any CPU.ActiveCfg = Debug|Any CPU
		{FF79CFF3-569D-44D1-8151-87FFBA5D0A42}.Debug|Any CPU.Build.0 = Debug|Any CPU
		{FF79CFF3-569D-44D1-8151-87FFBA5D0A42}.Release|Any CPU.ActiveCfg = Release|Any CPU
		{FF79CFF3-569D-44D1-8151-87FFBA5D0A42}.Release|Any CPU.Build.0 = Release|Any CPU
		{4B7B7C64-A502-4D44-BABB-BF762CC9D8A9}.Debug|Any CPU.ActiveCfg = Debug|Any CPU
		{4B7B7C64-A502-4D44-BABB-BF762CC9D8A9}.Debug|Any CPU.Build.0 = Debug|Any CPU
		{4B7B7C64-A502-4D44-BABB-BF762CC9D8A9}.Release|Any CPU.ActiveCfg = Release|Any CPU
		{4B7B7C64-A502-4D44-BABB-BF762CC9D8A9}.Release|Any CPU.Build.0 = Release|Any CPU
		{8667444D-97D2-43A3-B9D2-2E6B31494E84}.Debug|Any CPU.ActiveCfg = Debug|Any CPU
		{8667444D-97D2-43A3-B9D2-2E6B31494E84}.Debug|Any CPU.Build.0 = Debug|Any CPU
		{8667444D-97D2-43A3-B9D2-2E6B31494E84}.Release|Any CPU.ActiveCfg = Release|Any CPU
		{8667444D-97D2-43A3-B9D2-2E6B31494E84}.Release|Any CPU.Build.0 = Release|Any CPU
		{B1224451-4EA3-4981-BE4A-928D5FB711A0}.Debug|Any CPU.ActiveCfg = Debug|Any CPU
		{B1224451-4EA3-4981-BE4A-928D5FB711A0}.Debug|Any CPU.Build.0 = Debug|Any CPU
		{B1224451-4EA3-4981-BE4A-928D5FB711A0}.Release|Any CPU.ActiveCfg = Release|Any CPU
		{B1224451-4EA3-4981-BE4A-928D5FB711A0}.Release|Any CPU.Build.0 = Release|Any CPU
		{842EBCD8-689B-49F9-A58B-37613A1AF886}.Debug|Any CPU.ActiveCfg = Debug|Any CPU
		{842EBCD8-689B-49F9-A58B-37613A1AF886}.Debug|Any CPU.Build.0 = Debug|Any CPU
		{842EBCD8-689B-49F9-A58B-37613A1AF886}.Release|Any CPU.ActiveCfg = Release|Any CPU
		{842EBCD8-689B-49F9-A58B-37613A1AF886}.Release|Any CPU.Build.0 = Release|Any CPU
		{0FFB962B-26A5-4D7A-9CF5-34B0234CFB2E}.Debug|Any CPU.ActiveCfg = Debug|Any CPU
		{0FFB962B-26A5-4D7A-9CF5-34B0234CFB2E}.Debug|Any CPU.Build.0 = Debug|Any CPU
		{0FFB962B-26A5-4D7A-9CF5-34B0234CFB2E}.Release|Any CPU.ActiveCfg = Release|Any CPU
		{0FFB962B-26A5-4D7A-9CF5-34B0234CFB2E}.Release|Any CPU.Build.0 = Release|Any CPU
		{0A4FA4B5-75E8-4927-85DB-9EF55C569576}.Debug|Any CPU.ActiveCfg = Debug|Any CPU
		{0A4FA4B5-75E8-4927-85DB-9EF55C569576}.Debug|Any CPU.Build.0 = Debug|Any CPU
		{0A4FA4B5-75E8-4927-85DB-9EF55C569576}.Release|Any CPU.ActiveCfg = Release|Any CPU
		{0A4FA4B5-75E8-4927-85DB-9EF55C569576}.Release|Any CPU.Build.0 = Release|Any CPU
		{14A3AA47-61D9-4DA9-9D62-315960003740}.Debug|Any CPU.ActiveCfg = Debug|Any CPU
		{14A3AA47-61D9-4DA9-9D62-315960003740}.Debug|Any CPU.Build.0 = Debug|Any CPU
		{14A3AA47-61D9-4DA9-9D62-315960003740}.Release|Any CPU.ActiveCfg = Release|Any CPU
		{14A3AA47-61D9-4DA9-9D62-315960003740}.Release|Any CPU.Build.0 = Release|Any CPU
		{EAB81CA4-C384-47FD-89B2-BC0B0847F33D}.Debug|Any CPU.ActiveCfg = Debug|Any CPU
		{EAB81CA4-C384-47FD-89B2-BC0B0847F33D}.Debug|Any CPU.Build.0 = Debug|Any CPU
		{EAB81CA4-C384-47FD-89B2-BC0B0847F33D}.Release|Any CPU.ActiveCfg = Release|Any CPU
		{EAB81CA4-C384-47FD-89B2-BC0B0847F33D}.Release|Any CPU.Build.0 = Release|Any CPU
		{A706B9FE-8556-40AD-89B4-03BD963D152E}.Debug|Any CPU.ActiveCfg = Debug|Any CPU
		{A706B9FE-8556-40AD-89B4-03BD963D152E}.Debug|Any CPU.Build.0 = Debug|Any CPU
		{A706B9FE-8556-40AD-89B4-03BD963D152E}.Release|Any CPU.ActiveCfg = Release|Any CPU
		{A706B9FE-8556-40AD-89B4-03BD963D152E}.Release|Any CPU.Build.0 = Release|Any CPU
		{BF4B7061-BE9B-425A-9F2E-2A0ACC8B5119}.Debug|Any CPU.ActiveCfg = Debug|Any CPU
		{BF4B7061-BE9B-425A-9F2E-2A0ACC8B5119}.Debug|Any CPU.Build.0 = Debug|Any CPU
		{BF4B7061-BE9B-425A-9F2E-2A0ACC8B5119}.Release|Any CPU.ActiveCfg = Release|Any CPU
		{BF4B7061-BE9B-425A-9F2E-2A0ACC8B5119}.Release|Any CPU.Build.0 = Release|Any CPU
		{335B1CEB-7515-42D2-9039-2CACE42A80ED}.Debug|Any CPU.ActiveCfg = Debug|Any CPU
		{335B1CEB-7515-42D2-9039-2CACE42A80ED}.Debug|Any CPU.Build.0 = Debug|Any CPU
		{335B1CEB-7515-42D2-9039-2CACE42A80ED}.Release|Any CPU.ActiveCfg = Release|Any CPU
		{335B1CEB-7515-42D2-9039-2CACE42A80ED}.Release|Any CPU.Build.0 = Release|Any CPU
	EndGlobalSection
	GlobalSection(SolutionProperties) = preSolution
		HideSolutionNode = FALSE
	EndGlobalSection
	GlobalSection(NestedProjects) = preSolution
		{CE930CB2-AE3A-46DF-A17A-9198A15F0442} = {9FECF903-0F85-44C0-839C-6195945E6097}
		{E6FB813A-12DC-4952-A0D1-763E1580D626} = {9FECF903-0F85-44C0-839C-6195945E6097}
		{E56FBCE5-B7B6-4AB8-AFFD-399D93AD1F45} = {9FECF903-0F85-44C0-839C-6195945E6097}
		{A1523377-D22D-4330-8B33-B499C49204FA} = {9FECF903-0F85-44C0-839C-6195945E6097}
		{99B8D591-8407-450A-B3CE-76E3862FF64F} = {E6FB813A-12DC-4952-A0D1-763E1580D626}
		{1D98F193-83E1-41D4-8B39-649539513C3D} = {E56FBCE5-B7B6-4AB8-AFFD-399D93AD1F45}
		{FF79CFF3-569D-44D1-8151-87FFBA5D0A42} = {E56FBCE5-B7B6-4AB8-AFFD-399D93AD1F45}
		{4B7B7C64-A502-4D44-BABB-BF762CC9D8A9} = {E56FBCE5-B7B6-4AB8-AFFD-399D93AD1F45}
		{8667444D-97D2-43A3-B9D2-2E6B31494E84} = {A1523377-D22D-4330-8B33-B499C49204FA}
		{B1224451-4EA3-4981-BE4A-928D5FB711A0} = {A1523377-D22D-4330-8B33-B499C49204FA}
		{842EBCD8-689B-49F9-A58B-37613A1AF886} = {E56FBCE5-B7B6-4AB8-AFFD-399D93AD1F45}
		{0FFB962B-26A5-4D7A-9CF5-34B0234CFB2E} = {CE930CB2-AE3A-46DF-A17A-9198A15F0442}
		{0A4FA4B5-75E8-4927-85DB-9EF55C569576} = {CE930CB2-AE3A-46DF-A17A-9198A15F0442}
		{14A3AA47-61D9-4DA9-9D62-315960003740} = {E56FBCE5-B7B6-4AB8-AFFD-399D93AD1F45}
		{EAB81CA4-C384-47FD-89B2-BC0B0847F33D} = {A1523377-D22D-4330-8B33-B499C49204FA}
		{A706B9FE-8556-40AD-89B4-03BD963D152E} = {A1523377-D22D-4330-8B33-B499C49204FA}
		{BC5A9F17-F6DE-4AA4-952C-35DB2E846253} = {9FECF903-0F85-44C0-839C-6195945E6097}
		{BF4B7061-BE9B-425A-9F2E-2A0ACC8B5119} = {BC5A9F17-F6DE-4AA4-952C-35DB2E846253}
		{335B1CEB-7515-42D2-9039-2CACE42A80ED} = {E6FB813A-12DC-4952-A0D1-763E1580D626}
	EndGlobalSection
	GlobalSection(ExtensibilityGlobals) = postSolution
		SolutionGuid = {A52CDA27-02DD-4B84-A83D-B7F73843CDD4}
	EndGlobalSection
EndGlobal
